
Microsoft Visual Studio Solution File, Format Version 12.00
# Visual Studio Version 16
VisualStudioVersion = 16.0.29215.179
MinimumVisualStudioVersion = 10.0.40219.1
Project("{FAE04EC0-301F-11D3-BF4B-00C04F79EFBC}") = "Duplify", "Duplify\Duplify.csproj", "{8115C971-1DB7-4254-A3AB-048344CBB7BE}"
EndProject
Global
	GlobalSection(SolutionConfigurationPlatforms) = preSolution
		Debug|Any CPU = Debug|Any CPU
		Release|Any CPU = Release|Any CPU
	EndGlobalSection
	GlobalSection(ProjectConfigurationPlatforms) = postSolution
		{8115C971-1DB7-4254-A3AB-048344CBB7BE}.Debug|Any CPU.ActiveCfg = Debug|Any CPU
		{8115C971-1DB7-4254-A3AB-048344CBB7BE}.Debug|Any CPU.Build.0 = Debug|Any CPU
		{8115C971-1DB7-4254-A3AB-048344CBB7BE}.Release|Any CPU.ActiveCfg = Release|Any CPU
		{8115C971-1DB7-4254-A3AB-048344CBB7BE}.Release|Any CPU.Build.0 = Release|Any CPU
	EndGlobalSection
	GlobalSection(SolutionProperties) = preSolution
		HideSolutionNode = FALSE
	EndGlobalSection
	GlobalSection(ExtensibilityGlobals) = postSolution
		SolutionGuid = {BB9F0735-109A-47C1-8538-8071AF595573}
	EndGlobalSection
EndGlobal
